
Microsoft Visual Studio Solution File, Format Version 12.00
# Visual Studio 15
VisualStudioVersion = 15.0.28307.645
MinimumVisualStudioVersion = 10.0.40219.1
Project("{FAE04EC0-301F-11D3-BF4B-00C04F79EFBC}") = "Banco.Core", "Banco.Core\Banco.Core.csproj", "{86FF6191-D011-4461-BD8A-EFCF883699BB}"
EndProject
Global
	GlobalSection(SolutionConfigurationPlatforms) = preSolution
		Debug|Any CPU = Debug|Any CPU
		Release|Any CPU = Release|Any CPU
	EndGlobalSection
	GlobalSection(ProjectConfigurationPlatforms) = postSolution
		{86FF6191-D011-4461-BD8A-EFCF883699BB}.Debug|Any CPU.ActiveCfg = Debug|Any CPU
		{86FF6191-D011-4461-BD8A-EFCF883699BB}.Debug|Any CPU.Build.0 = Debug|Any CPU
		{86FF6191-D011-4461-BD8A-EFCF883699BB}.Release|Any CPU.ActiveCfg = Release|Any CPU
		{86FF6191-D011-4461-BD8A-EFCF883699BB}.Release|Any CPU.Build.0 = Release|Any CPU
	EndGlobalSection
	GlobalSection(SolutionProperties) = preSolution
		HideSolutionNode = FALSE
	EndGlobalSection
	GlobalSection(ExtensibilityGlobals) = postSolution
		SolutionGuid = {5020294D-36C2-4B11-8C5D-EAA4DF88878C}
	EndGlobalSection
EndGlobal
